
Microsoft Visual Studio Solution File, Format Version 12.00
# Visual Studio Version 16
VisualStudioVersion = 16.0.31424.327
MinimumVisualStudioVersion = 10.0.40219.1
Project("{FAE04EC0-301F-11D3-BF4B-00C04F79EFBC}") = "Questao1", "Questao1\Questao1.csproj", "{921FD227-B628-41F9-92E2-827F55C1A6C1}"
EndProject
Project("{FAE04EC0-301F-11D3-BF4B-00C04F79EFBC}") = "Questao2", "Questao2\Questao2.csproj", "{0E104694-A628-45D3-97C1-70839725380A}"
EndProject
Global
	GlobalSection(SolutionConfigurationPlatforms) = preSolution
		Debug|Any CPU = Debug|Any CPU
		Release|Any CPU = Release|Any CPU
	EndGlobalSection
	GlobalSection(ProjectConfigurationPlatforms) = postSolution
		{921FD227-B628-41F9-92E2-827F55C1A6C1}.Debug|Any CPU.ActiveCfg = Debug|Any CPU
		{921FD227-B628-41F9-92E2-827F55C1A6C1}.Debug|Any CPU.Build.0 = Debug|Any CPU
		{921FD227-B628-41F9-92E2-827F55C1A6C1}.Release|Any CPU.ActiveCfg = Release|Any CPU
		{921FD227-B628-41F9-92E2-827F55C1A6C1}.Release|Any CPU.Build.0 = Release|Any CPU
		{0E104694-A628-45D3-97C1-70839725380A}.Debug|Any CPU.ActiveCfg = Debug|Any CPU
		{0E104694-A628-45D3-97C1-70839725380A}.Debug|Any CPU.Build.0 = Debug|Any CPU
		{0E104694-A628-45D3-97C1-70839725380A}.Release|Any CPU.ActiveCfg = Release|Any CPU
		{0E104694-A628-45D3-97C1-70839725380A}.Release|Any CPU.Build.0 = Release|Any CPU
	EndGlobalSection
	GlobalSection(SolutionProperties) = preSolution
		HideSolutionNode = FALSE
	EndGlobalSection
	GlobalSection(ExtensibilityGlobals) = postSolution
		SolutionGuid = {394A0DDC-2C02-4CBB-B5F4-4C82A793F38B}
	EndGlobalSection
EndGlobal
